lockfileVersion: '9.0'

settings:
  autoInstallPeers: true
  excludeLinksFromLockfile: false

importers:

  .:
    dependencies:
      '@mistralai/mistralai':
        specifier: ^2.6.4
        version: 2.6.4
      groq-sdk:
        specifier: ^1.6.0
        version: 1.6.0

packages:

  '@mistralai/mistralai@2.6.4':
    resolution: {integrity: sha512-PPt4GyJqs2hEsWrYCJZK5f0ORmT+L2MSm75LVGD7kBLf6ZKsoDpld/FRBQXr8xG6iFCBOFJFYzvGYhUb+UCkbw==}
    peerDependencies:
      '@opentelemetry/api': ^1.9.0
      '@opentelemetry/exporter-trace-otlp-http': ^0.220.0
      '@opentelemetry/resources': ^2.9.0
      '@opentelemetry/sdk-trace-base': ^2.9.0
    peerDependenciesMeta:
      '@opentelemetry/api':
        optional: true
      '@opentelemetry/exporter-trace-otlp-http':
        optional: true
      '@opentelemetry/resources':
        optional: true
      '@opentelemetry/sdk-trace-base':
        optional: true

  '@opentelemetry/semantic-conventions@1.43.0':
    resolution: {integrity: sha512-eSYWTm620tTk45EKSedaUL8MFYI8hW164hIXsgIHyxu3VobUB3fFCu5t0hQby6OoWRPsG1KkKUG2M5UadiLiVg==}
    engines: {node: '>=14'}

  groq-sdk@1.6.0:
    resolution: {integrity: sha512-ggMgo6n84aZdNObgkSbSxWrdAq4wABsViIRb5e4N15bMUtDLZVhqlgZOI7X4TeqdBMdaVUOuUdZxAZIp06u0vw==}
    hasBin: true

  ws@8.21.3:
    resolution: {integrity: sha512-201TZ/kPWxoPr/OKWjquZR1SWKXcvxdH+e1xrx89b3YbmzLMFCLfnaG1HFIgWzJOEWZ7MvpK++odZufgYR50Rw==}
    engines: {node: '>=10.0.0'}
    peerDependencies:
      bufferutil: ^4.0.1
      utf-8-validate: '>=5.0.2'
    peerDependenciesMeta:
      bufferutil:
        optional: true
      utf-8-validate:
        optional: true

  zod-to-json-schema@3.25.2:
    resolution: {integrity: sha512-O/PgfnpT1xKSDeQYSCfRI5Gy3hPf91mKVDuYLUHZJMiDFptvP41MSnWofm8dnCm0256ZNfZIM7DSzuSMAFnjHA==}
    peerDependencies:
      zod: ^3.25.28 || ^4

  zod@4.5.4:
    resolution: {integrity: sha512-sC95tT5iHHH9gtpj6A81kh+NEaRAUFN+qlUPDUbRfOMvNf5QCBqsb3WgvnpVtK5Y+4UfA6KqufotuTvMGiTlsA==}

snapshots:

  '@mistralai/mistralai@2.6.4':
    dependencies:
      '@opentelemetry/semantic-conventions': 1.43.0
      ws: 8.21.3
      zod: 4.5.4
      zod-to-json-schema: 3.25.2(zod@4.5.4)
    transitivePeerDependencies:
      - bufferutil
      - utf-8-validate

  '@opentelemetry/semantic-conventions@1.43.0': {}

  groq-sdk@1.6.0: {}

  ws@8.21.3: {}

  zod-to-json-schema@3.25.2(zod@4.5.4):
    dependencies:
      zod: 4.5.4

  zod@4.5.4: {}
